
Microsoft Visual Studio Solution File, Format Version 12.00
# Visual Studio Version 16
VisualStudioVersion = 16.0.31410.357
MinimumVisualStudioVersion = 10.0.40219.1
Project("{FAE04EC0-301F-11D3-BF4B-00C04F79EFBC}") = "UserRegistrationProblem", "UserRegistrationProblem\UserRegistrationProblem.csproj", "{7158CE3D-E545-4262-976C-9287328EAF0B}"
EndProject
Global
	GlobalSection(SolutionConfigurationPlatforms) = preSolution
		Debug|Any CPU = Debug|Any CPU
		Release|Any CPU = Release|Any CPU
	EndGlobalSection
	GlobalSection(ProjectConfigurationPlatforms) = postSolution
		{7158CE3D-E545-4262-976C-9287328EAF0B}.Debug|Any CPU.ActiveCfg = Debug|Any CPU
		{7158CE3D-E545-4262-976C-9287328EAF0B}.Debug|Any CPU.Build.0 = Debug|Any CPU
		{7158CE3D-E545-4262-976C-9287328EAF0B}.Release|Any CPU.ActiveCfg = Release|Any CPU
		{7158CE3D-E545-4262-976C-9287328EAF0B}.Release|Any CPU.Build.0 = Release|Any CPU
	EndGlobalSection
	GlobalSection(SolutionProperties) = preSolution
		HideSolutionNode = FALSE
	EndGlobalSection
	GlobalSection(ExtensibilityGlobals) = postSolution
		SolutionGuid = {BC8DF347-1671-44CC-994F-36FF1F7C6B12}
	EndGlobalSection
EndGlobal
